
Microsoft Visual Studio Solution File, Format Version 12.00
# Visual Studio 15
VisualStudioVersion = 15.0.26228.4
MinimumVisualStudioVersion = 10.0.40219.1
Project("{FAE04EC0-301F-11D3-BF4B-00C04F79EFBC}") = "ConsoleApp3", "ConsoleApp3\ConsoleApp3.csproj", "{34E25AC2-81A8-4889-82ED-A15B68EBE34F}"
EndProject
Project("{FAE04EC0-301F-11D3-BF4B-00C04F79EFBC}") = "MedicalCardLibrary", "MedicalCardLibrary\MedicalCardLibrary.csproj", "{83768CB9-F90C-4C0A-9BC5-8236F69BB26E}"
EndProject
Global
	GlobalSection(SolutionConfigurationPlatforms) = preSolution
		Debug|Any CPU = Debug|Any CPU
		Release|Any CPU = Release|Any CPU
	EndGlobalSection
	GlobalSection(ProjectConfigurationPlatforms) = postSolution
		{34E25AC2-81A8-4889-82ED-A15B68EBE34F}.Debug|Any CPU.ActiveCfg = Debug|Any CPU
		{34E25AC2-81A8-4889-82ED-A15B68EBE34F}.Debug|Any CPU.Build.0 = Debug|Any CPU
		{34E25AC2-81A8-4889-82ED-A15B68EBE34F}.Release|Any CPU.ActiveCfg = Release|Any CPU
		{34E25AC2-81A8-4889-82ED-A15B68EBE34F}.Release|Any CPU.Build.0 = Release|Any CPU
		{83768CB9-F90C-4C0A-9BC5-8236F69BB26E}.Debug|Any CPU.ActiveCfg = Debug|Any CPU
		{83768CB9-F90C-4C0A-9BC5-8236F69BB26E}.Debug|Any CPU.Build.0 = Debug|Any CPU
		{83768CB9-F90C-4C0A-9BC5-8236F69BB26E}.Release|Any CPU.ActiveCfg = Release|Any CPU
		{83768CB9-F90C-4C0A-9BC5-8236F69BB26E}.Release|Any CPU.Build.0 = Release|Any CPU
	EndGlobalSection
	GlobalSection(SolutionProperties) = preSolution
		HideSolutionNode = FALSE
	EndGlobalSection
EndGlobal
